// !$*UTF8*$!
{
	archiveVersion = 1;
	classes = {
	};
	objectVersion = 55;
	objects = {

/* Begin PBXBuildFile section */
		71205CB927523230004779DA /* AppDelegate.swift in Sources */ = {isa = PBXBuildFile; fileRef = 71205CB827523230004779DA /* AppDelegate.swift */; };
		71205CBB27523230004779DA /* SceneDelegate.swift in Sources */ = {isa = PBXBuildFile; fileRef = 71205CBA27523230004779DA /* SceneDelegate.swift */; };
		71205CBD27523230004779DA /* ViewController.swift in Sources */ = {isa = PBXBuildFile; fileRef = 71205CBC27523230004779DA /* ViewController.swift */; };
		71205CC027523230004779DA /* Main.storyboard in Resources */ = {isa = PBXBuildFile; fileRef = 71205CBE27523230004779DA /* Main.storyboard */; };
		71205CC227523232004779DA /* Assets.xcassets in Resources */ = {isa = PBXBuildFile; fileRef = 71205CC127523232004779DA /* Assets.xcassets */; };
		71205CC527523232004779DA /* LaunchScreen.storyboard in Resources */ = {isa = PBXBuildFile; fileRef = 71205CC327523232004779DA /* LaunchScreen.storyboard */; };
		71205CD0275232C0004779DA /* AVKit.framework in Frameworks */ = {isa = PBXBuildFile; fileRef = 71205CCF275232C0004779DA /* AVKit.framework */; };
		71205CD2275232C8004779DA /* AVFoundation.framework in Frameworks */ = {isa = PBXBuildFile; fileRef = 71205CD1275232C8004779DA /* AVFoundation.framework */; };
		71205CD6275232E8004779DA /* UIView+.swift in Sources */ = {isa = PBXBuildFile; fileRef = 71205CD5275232E8004779DA /* UIView+.swift */; };
		71205CDA2752344C004779DA /* VideoProvider.swift in Sources */ = {isa = PBXBuildFile; fileRef = 71205CD92752344C004779DA /* VideoProvider.swift */; };
		71205CF327528057004779DA /* Data+.swift in Sources */ = {isa = PBXBuildFile; fileRef = 71205CF227528057004779DA /* Data+.swift */; };
		71205CF5275280AD004779DA /* UIImage+.swift in Sources */ = {isa = PBXBuildFile; fileRef = 71205CF4275280AD004779DA /* UIImage+.swift */; };
/* End PBXBuildFile section */

/* Begin PBXFileReference section */
		71205CB527523230004779DA /* uipip.app */ = {isa = PBXFileReference; explicitFileType = wrapper.application; includeInIndex = 0; path = uipip.app; sourceTree = BUILT_PRODUCTS_DIR; };
		71205CB827523230004779DA /* AppDelegate.swift */ = {isa = PBXFileReference; lastKnownFileType = sourcecode.swift; path = AppDelegate.swift; sourceTree = "<group>"; };
		71205CBA27523230004779DA /* SceneDelegate.swift */ = {isa = PBXFileReference; lastKnownFileType = sourcecode.swift; path = SceneDelegate.swift; sourceTree = "<group>"; };
		71205CBC27523230004779DA /* ViewController.swift */ = {isa = PBXFileReference; lastKnownFileType = sourcecode.swift; path = ViewController.swift; sourceTree = "<group>"; };
		71205CBF27523230004779DA /* Base */ = {isa = PBXFileReference; lastKnownFileType = file.storyboard; name = Base; path = Base.lproj/Main.storyboard; sourceTree = "<group>"; };
		71205CC127523232004779DA /* Assets.xcassets */ = {isa = PBXFileReference; lastKnownFileType = folder.assetcatalog; path = Assets.xcassets; sourceTree = "<group>"; };
		71205CC427523232004779DA /* Base */ = {isa = PBXFileReference; lastKnownFileType = file.storyboard; name = Base; path = Base.lproj/LaunchScreen.storyboard; sourceTree = "<group>"; };
		71205CC627523232004779DA /* Info.plist */ = {isa = PBXFileReference; lastKnownFileType = text.plist.xml; path = Info.plist; sourceTree = "<group>"; };
		71205CCF275232C0004779DA /* AVKit.framework */ = {isa = PBXFileReference; lastKnownFileType = wrapper.framework; name = AVKit.framework; path = System/Library/Frameworks/AVKit.framework; sourceTree = SDKROOT; };
		71205CD1275232C8004779DA /* AVFoundation.framework */ = {isa = PBXFileReference; lastKnownFileType = wrapper.framework; name = AVFoundation.framework; path = System/Library/Frameworks/AVFoundation.framework; sourceTree = SDKROOT; };
		71205CD5275232E8004779DA /* UIView+.swift */ = {isa = PBXFileReference; lastKnownFileType = sourcecode.swift; path = "UIView+.swift"; sourceTree = "<group>"; };
		71205CD92752344C004779DA /* VideoProvider.swift */ = {isa = PBXFileReference; lastKnownFileType = sourcecode.swift; path = VideoProvider.swift; sourceTree = "<group>"; };
		71205CF227528057004779DA /* Data+.swift */ = {isa = PBXFileReference; lastKnownFileType = sourcecode.swift; path = "Data+.swift"; sourceTree = "<group>"; };
		71205CF4275280AD004779DA /* UIImage+.swift */ = {isa = PBXFileReference; lastKnownFileType = sourcecode.swift; path = "UIImage+.swift"; sourceTree = "<group>"; };
/* End PBXFileReference section */

/* Begin PBXFrameworksBuildPhase section */
		71205CB227523230004779DA /* Frameworks */ = {
			isa = PBXFrameworksBuildPhase;
			buildActionMask = 2147483647;
			files = (
				71205CD2275232C8004779DA /* AVFoundation.framework in Frameworks */,
				71205CD0275232C0004779DA /* AVKit.framework in Frameworks */,
			);
			runOnlyForDeploymentPostprocessing = 0;
		};
/* End PBXFrameworksBuildPhase section */

/* Begin PBXGroup section */
		71205CAC27523230004779DA = {
			isa = PBXGroup;
			children = (
				71205CB727523230004779DA /* uipip */,
				71205CB627523230004779DA /* Products */,
				71205CCE275232C0004779DA /* Frameworks */,
			);
			sourceTree = "<group>";
		};
		71205CB627523230004779DA /* Products */ = {
			isa = PBXGroup;
			children = (
				71205CB527523230004779DA /* uipip.app */,
			);
			name = Products;
			sourceTree = "<group>";
		};
		71205CB727523230004779DA /* uipip */ = {
			isa = PBXGroup;
			children = (
				71205CB827523230004779DA /* AppDelegate.swift */,
				71205CBA27523230004779DA /* SceneDelegate.swift */,
				71205CBC27523230004779DA /* ViewController.swift */,
				71205CD92752344C004779DA /* VideoProvider.swift */,
				71205CF4275280AD004779DA /* UIImage+.swift */,
				71205CD5275232E8004779DA /* UIView+.swift */,
				71205CF227528057004779DA /* Data+.swift */,
				71205CBE27523230004779DA /* Main.storyboard */,
				71205CC127523232004779DA /* Assets.xcassets */,
				71205CC327523232004779DA /* LaunchScreen.storyboard */,
				71205CC627523232004779DA /* Info.plist */,
			);
			path = uipip;
			sourceTree = "<group>";
		};
		71205CCE275232C0004779DA /* Frameworks */ = {
			isa = PBXGroup;
			children = (
				71205CD1275232C8004779DA /* AVFoundation.framework */,
				71205CCF275232C0004779DA /* AVKit.framework */,
			);
			name = Frameworks;
			sourceTree = "<group>";
		};
/* End PBXGroup section */

/* Begin PBXNativeTarget section */
		71205CB427523230004779DA /* uipip */ = {
			isa = PBXNativeTarget;
			buildConfigurationList = 71205CC927523232004779DA /* Build configuration list for PBXNativeTarget "uipip" */;
			buildPhases = (
				71205CB127523230004779DA /* Sources */,
				71205CB227523230004779DA /* Frameworks */,
				71205CB327523230004779DA /* Resources */,
			);
			buildRules = (
			);
			dependencies = (
			);
			name = uipip;
			productName = uipip;
			productReference = 71205CB527523230004779DA /* uipip.app */;
			productType = "com.apple.product-type.application";
		};
/* End PBXNativeTarget section */

/* Begin PBXProject section */
		71205CAD27523230004779DA /* Project object */ = {
			isa = PBXProject;
			attributes = {
				BuildIndependentTargetsInParallel = 1;
				LastSwiftUpdateCheck = 1310;
				LastUpgradeCheck = 1310;
				TargetAttributes = {
					71205CB427523230004779DA = {
						CreatedOnToolsVersion = 13.1;
					};
				};
			};
			buildConfigurationList = 71205CB027523230004779DA /* Build configuration list for PBXProject "uipip" */;
			compatibilityVersion = "Xcode 13.0";
			developmentRegion = en;
			hasScannedForEncodings = 0;
			knownRegions = (
				en,
				Base,
			);
			mainGroup = 71205CAC27523230004779DA;
			productRefGroup = 71205CB627523230004779DA /* Products */;
			projectDirPath = "";
			projectRoot = "";
			targets = (
				71205CB427523230004779DA /* uipip */,
			);
		};
/* End PBXProject section */

/* Begin PBXResourcesBuildPhase section */
		71205CB327523230004779DA /* Resources */ = {
			isa = PBXResourcesBuildPhase;
			buildActionMask = 2147483647;
			files = (
				71205CC527523232004779DA /* LaunchScreen.storyboard in Resources */,
				71205CC227523232004779DA /* Assets.xcassets in Resources */,
				71205CC027523230004779DA /* Main.storyboard in Resources */,
			);
			runOnlyForDeploymentPostprocessing = 0;
		};
/* End PBXResourcesBuildPhase section */

/* Begin PBXSourcesBuildPhase section */
		71205CB127523230004779DA /* Sources */ = {
			isa = PBXSourcesBuildPhase;
			buildActionMask = 2147483647;
			files = (
				71205CBD27523230004779DA /* ViewController.swift in Sources */,
				71205CF5275280AD004779DA /* UIImage+.swift in Sources */,
				71205CB927523230004779DA /* AppDelegate.swift in Sources */,
				71205CDA2752344C004779DA /* VideoProvider.swift in Sources */,
				71205CF327528057004779DA /* Data+.swift in Sources */,
				71205CBB27523230004779DA /* SceneDelegate.swift in Sources */,
				71205CD6275232E8004779DA /* UIView+.swift in Sources */,
			);
			runOnlyForDeploymentPostprocessing = 0;
		};
/* End PBXSourcesBuildPhase section */

/* Begin PBXVariantGroup section */
		71205CBE27523230004779DA /* Main.storyboard */ = {
			isa = PBXVariantGroup;
			children = (
				71205CBF27523230004779DA /* Base */,
			);
			name = Main.storyboard;
			sourceTree = "<group>";
		};
		71205CC327523232004779DA /* LaunchScreen.storyboard */ = {
			isa = PBXVariantGroup;
			children = (
				71205CC427523232004779DA /* Base */,
			);
			name = LaunchScreen.storyboard;
			sourceTree = "<group>";
		};
/* End PBXVariantGroup section */

/* Begin XCBuildConfiguration section */
		71205CC727523232004779DA /* Debug */ = {
			isa = XCBuildConfiguration;
			buildSettings = {
				ALWAYS_SEARCH_USER_PATHS = NO;
				CLANG_ANALYZER_NONNULL = YES;
				CLANG_ANALYZER_NUMBER_OBJECT_CONVERSION = YES_AGGRESSIVE;
				CLANG_CXX_LANGUAGE_STANDARD = "gnu++17";
				CLANG_CXX_LIBRARY = "libc++";
				CLANG_ENABLE_MODULES = YES;
				CLANG_ENABLE_OBJC_ARC = YES;
				CLANG_ENABLE_OBJC_WEAK = YES;
				CLANG_WARN_BLOCK_CAPTURE_AUTORELEASING = YES;
				CLANG_WARN_BOOL_CONVERSION = YES;
				CLANG_WARN_COMMA = YES;
				CLANG_WARN_CONSTANT_CONVERSION = YES;
				CLANG_WARN_DEPRECATED_OBJC_IMPLEMENTATIONS = YES;
				CLANG_WARN_DIRECT_OBJC_ISA_USAGE = YES_ERROR;
				CLANG_WARN_DOCUMENTATION_COMMENTS = YES;
				CLANG_WARN_EMPTY_BODY = YES;
				CLANG_WARN_ENUM_CONVERSION = YES;
				CLANG_WARN_INFINITE_RECURSION = YES;
				CLANG_WARN_INT_CONVERSION = YES;
				CLANG_WARN_NON_LITERAL_NULL_CONVERSION = YES;
				CLANG_WARN_OBJC_IMPLICIT_RETAIN_SELF = YES;
				CLANG_WARN_OBJC_LITERAL_CONVERSION = YES;
				CLANG_WARN_OBJC_ROOT_CLASS = YES_ERROR;
				CLANG_WARN_QUOTED_INCLUDE_IN_FRAMEWORK_HEADER = YES;
				CLANG_WARN_RANGE_LOOP_ANALYSIS = YES;
				CLANG_WARN_STRICT_PROTOTYPES = YES;
				CLANG_WARN_SUSPICIOUS_MOVE = YES;
				CLANG_WARN_UNGUARDED_AVAILABILITY = YES_AGGRESSIVE;
				CLANG_WARN_UNREACHABLE_CODE = YES;
				CLANG_WARN__DUPLICATE_METHOD_MATCH = YES;
				COPY_PHASE_STRIP = NO;
				DEBUG_INFORMATION_FORMAT = dwarf;
				ENABLE_STRICT_OBJC_MSGSEND = YES;
				ENABLE_TESTABILITY = YES;
				GCC_C_LANGUAGE_STANDARD = gnu11;
				GCC_DYNAMIC_NO_PIC = NO;
				GCC_NO_COMMON_BLOCKS = YES;
				GCC_OPTIMIZATION_LEVEL = 0;
				GCC_PREPROCESSOR_DEFINITIONS = (
					"DEBUG=1",
					"$(inherited)",
				);
				GCC_WARN_64_TO_32_BIT_CONVERSION = YES;
				GCC_WARN_ABOUT_RETURN_TYPE = YES_ERROR;
				GCC_WARN_UNDECLARED_SELECTOR = YES;
				GCC_WARN_UNINITIALIZED_AUTOS = YES_AGGRESSIVE;
				GCC_WARN_UNUSED_FUNCTION = YES;
				GCC_WARN_UNUSED_VARIABLE = YES;
				IPHONEOS_DEPLOYMENT_TARGET = 15.0;
				MTL_ENABLE_DEBUG_INFO = INCLUDE_SOURCE;
				MTL_FAST_MATH = YES;
				ONLY_ACTIVE_ARCH = YES;
				SDKROOT = iphoneos;
				SWIFT_ACTIVE_COMPILATION_CONDITIONS = DEBUG;
				SWIFT_OPTIMIZATION_LEVEL = "-Onone";
			};
			name = Debug;
		};
		71205CC827523232004779DA /* Release */ = {
			isa = XCBuildConfiguration;
			buildSettings = {
				ALWAYS_SEARCH_USER_PATHS = NO;
				CLANG_ANALYZER_NONNULL = YES;
				CLANG_ANALYZER_NUMBER_OBJECT_CONVERSION = YES_AGGRESSIVE;
				CLANG_CXX_LANGUAGE_STANDARD = "gnu++17";
				CLANG_CXX_LIBRARY = "libc++";
				CLANG_ENABLE_MODULES = YES;
				CLANG_ENABLE_OBJC_ARC = YES;
				CLANG_ENABLE_OBJC_WEAK = YES;
				CLANG_WARN_BLOCK_CAPTURE_AUTORELEASING = YES;
				CLANG_WARN_BOOL_CONVERSION = YES;
				CLANG_WARN_COMMA = YES;
				CLANG_WARN_CONSTANT_CONVERSION = YES;
				CLANG_WARN_DEPRECATED_OBJC_IMPLEMENTATIONS = YES;
				CLANG_WARN_DIRECT_OBJC_ISA_USAGE = YES_ERROR;
				CLANG_WARN_DOCUMENTATION_COMMENTS = YES;
				CLANG_WARN_EMPTY_BODY = YES;
				CLANG_WARN_ENUM_CONVERSION = YES;
				CLANG_WARN_INFINITE_RECURSION = YES;
				CLANG_WARN_INT_CONVERSION = YES;
				CLANG_WARN_NON_LITERAL_NULL_CONVERSION = YES;
				CLANG_WARN_OBJC_IMPLICIT_RETAIN_SELF = YES;
				CLANG_WARN_OBJC_LITERAL_CONVERSION = YES;
				CLANG_WARN_OBJC_ROOT_CLASS = YES_ERROR;
				CLANG_WARN_QUOTED_INCLUDE_IN_FRAMEWORK_HEADER = YES;
				CLANG_WARN_RANGE_LOOP_ANALYSIS = YES;
				CLANG_WARN_STRICT_PROTOTYPES = YES;
				CLANG_WARN_SUSPICIOUS_MOVE = YES;
				CLANG_WARN_UNGUARDED_AVAILABILITY = YES_AGGRESSIVE;
				CLANG_WARN_UNREACHABLE_CODE = YES;
				CLANG_WARN__DUPLICATE_METHOD_MATCH = YES;
				COPY_PHASE_STRIP = NO;
				DEBUG_INFORMATION_FORMAT = "dwarf-with-dsym";
				ENABLE_NS_ASSERTIONS = NO;
				ENABLE_STRICT_OBJC_MSGSEND = YES;
				GCC_C_LANGUAGE_STANDARD = gnu11;
				GCC_NO_COMMON_BLOCKS = YES;
				GCC_WARN_64_TO_32_BIT_CONVERSION = YES;
				GCC_WARN_ABOUT_RETURN_TYPE = YES_ERROR;
				GCC_WARN_UNDECLARED_SELECTOR = YES;
				GCC_WARN_UNINITIALIZED_AUTOS = YES_AGGRESSIVE;
				GCC_WARN_UNUSED_FUNCTION = YES;
				GCC_WARN_UNUSED_VARIABLE = YES;
				IPHONEOS_DEPLOYMENT_TARGET = 15.0;
				MTL_ENABLE_DEBUG_INFO = NO;
				MTL_FAST_MATH = YES;
				SDKROOT = iphoneos;
				SWIFT_COMPILATION_MODE = wholemodule;
				SWIFT_OPTIMIZATION_LEVEL = "-O";
				VALIDATE_PRODUCT = YES;
			};
			name = Release;
		};
		71205CCA27523232004779DA /* Debug */ = {
			isa = XCBuildConfiguration;
			buildSettings = {
				ASSETCATALOG_COMPILER_APPICON_NAME = AppIcon;
				ASSETCATALOG_COMPILER_GLOBAL_ACCENT_COLOR_NAME = AccentColor;
				CODE_SIGN_STYLE = Automatic;
				CURRENT_PROJECT_VERSION = 1;
				DEVELOPMENT_TEAM = "";
				GENERATE_INFOPLIST_FILE = YES;
				INFOPLIST_FILE = uipip/Info.plist;
				INFOPLIST_KEY_UIApplicationSupportsIndirectInputEvents = YES;
				INFOPLIST_KEY_UILaunchStoryboardName = LaunchScreen;
				INFOPLIST_KEY_UIMainStoryboardFile = Main;
				INFOPLIST_KEY_UISupportedInterfaceOrientations_iPad = "UIInterfaceOrientationPortrait UIInterfaceOrientationPortraitUpsideDown UIInterfaceOrientationLandscapeLeft UIInterfaceOrientationLandscapeRight";
				INFOPLIST_KEY_UISupportedInterfaceOrientations_iPhone = "UIInterfaceOrientationPortrait UIInterfaceOrientationLandscapeLeft UIInterfaceOrientationLandscapeRight";
				LD_RUNPATH_SEARCH_PATHS = (
					"$(inherited)",
					"@executable_path/Frameworks",
				);
				MARKETING_VERSION = 1.0;
				PRODUCT_BUNDLE_IDENTIFIER = work.socialhub.uipip;
				PRODUCT_NAME = "$(TARGET_NAME)";
				SWIFT_EMIT_LOC_STRINGS = YES;
				SWIFT_VERSION = 5.0;
				TARGETED_DEVICE_FAMILY = "1,2";
			};
			name = Debug;
		};
		71205CCB27523232004779DA /* Release */ = {
			isa = XCBuildConfiguration;
			buildSettings = {
				ASSETCATALOG_COMPILER_APPICON_NAME = AppIcon;
				ASSETCATALOG_COMPILER_GLOBAL_ACCENT_COLOR_NAME = AccentColor;
				CODE_SIGN_STYLE = Automatic;
				CURRENT_PROJECT_VERSION = 1;
				DEVELOPMENT_TEAM = "";
				GENERATE_INFOPLIST_FILE = YES;
				INFOPLIST_FILE = uipip/Info.plist;
				INFOPLIST_KEY_UIApplicationSupportsIndirectInputEvents = YES;
				INFOPLIST_KEY_UILaunchStoryboardName = LaunchScreen;
				INFOPLIST_KEY_UIMainStoryboardFile = Main;
				INFOPLIST_KEY_UISupportedInterfaceOrientations_iPad = "UIInterfaceOrientationPortrait UIInterfaceOrientationPortraitUpsideDown UIInterfaceOrientationLandscapeLeft UIInterfaceOrientationLandscapeRight";
				INFOPLIST_KEY_UISupportedInterfaceOrientations_iPhone = "UIInterfaceOrientationPortrait UIInterfaceOrientationLandscapeLeft UIInterfaceOrientationLandscapeRight";
				LD_RUNPATH_SEARCH_PATHS = (
					"$(inherited)",
					"@executable_path/Frameworks",
				);
				MARKETING_VERSION = 1.0;
				PRODUCT_BUNDLE_IDENTIFIER = work.socialhub.uipip;
				PRODUCT_NAME = "$(TARGET_NAME)";
				SWIFT_EMIT_LOC_STRINGS = YES;
				SWIFT_VERSION = 5.0;
				TARGETED_DEVICE_FAMILY = "1,2";
			};
			name = Release;
		};
/* End XCBuildConfiguration section */

/* Begin XCConfigurationList section */
		71205CB027523230004779DA /* Build configuration list for PBXProject "uipip" */ = {
			isa = XCConfigurationList;
			buildConfigurations = (
				71205CC727523232004779DA /* Debug */,
				71205CC827523232004779DA /* Release */,
			);
			defaultConfigurationIsVisible = 0;
			defaultConfigurationName = Release;
		};
		71205CC927523232004779DA /* Build configuration list for PBXNativeTarget "uipip" */ = {
			isa = XCConfigurationList;
			buildConfigurations = (
				71205CCA27523232004779DA /* Debug */,
				71205CCB27523232004779DA /* Release */,
			);
			defaultConfigurationIsVisible = 0;
			defaultConfigurationName = Release;
		};
/* End XCConfigurationList section */
	};
	rootObject = 71205CAD27523230004779DA /* Project object */;
}
